// !$*UTF8*$!
{
	archiveVersion = 1;
	classes = {
	};
	objectVersion = 46;
	objects = {

/* Begin PBXBuildFile section */
		683DF6EB1CFC7BC200B8E47C /* AppDelegate.swift in Sources */ = {isa = PBXBuildFile; fileRef = 683DF6EA1CFC7BC200B8E47C /* AppDelegate.swift */; };
		683DF6ED1CFC7BC200B8E47C /* ViewController.swift in Sources */ = {isa = PBXBuildFile; fileRef = 683DF6EC1CFC7BC200B8E47C /* ViewController.swift */; };
		683DF6F01CFC7BC200B8E47C /* Main.storyboard in Resources */ = {isa = PBXBuildFile; fileRef = 683DF6EE1CFC7BC200B8E47C /* Main.storyboard */; };
		683DF6F21CFC7BC200B8E47C /* Assets.xcassets in Resources */ = {isa = PBXBuildFile; fileRef = 683DF6F11CFC7BC200B8E47C /* Assets.xcassets */; };
		683DF6F51CFC7BC200B8E47C /* LaunchScreen.storyboard in Resources */ = {isa = PBXBuildFile; fileRef = 683DF6F31CFC7BC200B8E47C /* LaunchScreen.storyboard */; };
		683DF6FD1CFC86F700B8E47C /* registrationViewController.swift in Sources */ = {isa = PBXBuildFile; fileRef = 683DF6FC1CFC86F700B8E47C /* registrationViewController.swift */; settings = {ASSET_TAGS = (); }; };
		683DF6FF1CFC871E00B8E47C /* loginViewController.swift in Sources */ = {isa = PBXBuildFile; fileRef = 683DF6FE1CFC871E00B8E47C /* loginViewController.swift */; settings = {ASSET_TAGS = (); }; };
/* End PBXBuildFile section */

/* Begin PBXFileReference section */
		683DF6E71CFC7BC100B8E47C /* SheCan v2.app */ = {isa = PBXFileReference; explicitFileType = wrapper.application; includeInIndex = 0; path = "SheCan v2.app"; sourceTree = BUILT_PRODUCTS_DIR; };
		683DF6EA1CFC7BC200B8E47C /* AppDelegate.swift */ = {isa = PBXFileReference; lastKnownFileType = sourcecode.swift; path = AppDelegate.swift; sourceTree = "<group>"; };
		683DF6EC1CFC7BC200B8E47C /* ViewController.swift */ = {isa = PBXFileReference; lastKnownFileType = sourcecode.swift; path = ViewController.swift; sourceTree = "<group>"; };
		683DF6EF1CFC7BC200B8E47C /* Base */ = {isa = PBXFileReference; lastKnownFileType = file.storyboard; name = Base; path = Base.lproj/Main.storyboard; sourceTree = "<group>"; };
		683DF6F11CFC7BC200B8E47C /* Assets.xcassets */ = {isa = PBXFileReference; lastKnownFileType = folder.assetcatalog; path = Assets.xcassets; sourceTree = "<group>"; };
		683DF6F41CFC7BC200B8E47C /* Base */ = {isa = PBXFileReference; lastKnownFileType = file.storyboard; name = Base; path = Base.lproj/LaunchScreen.storyboard; sourceTree = "<group>"; };
		683DF6F61CFC7BC200B8E47C /* Info.plist */ = {isa = PBXFileReference; lastKnownFileType = text.plist.xml; path = Info.plist; sourceTree = "<group>"; };
		683DF6FC1CFC86F700B8E47C /* registrationViewController.swift */ = {isa = PBXFileReference; fileEncoding = 4; lastKnownFileType = sourcecode.swift; path = registrationViewController.swift; sourceTree = "<group>"; };
		683DF6FE1CFC871E00B8E47C /* loginViewController.swift */ = {isa = PBXFileReference; fileEncoding = 4; lastKnownFileType = sourcecode.swift; path = loginViewController.swift; sourceTree = "<group>"; };
/* End PBXFileReference section */

/* Begin PBXFrameworksBuildPhase section */
		683DF6E41CFC7BC100B8E47C /* Frameworks */ = {
			isa = PBXFrameworksBuildPhase;
			buildActionMask = 2147483647;
			files = (
			);
			runOnlyForDeploymentPostprocessing = 0;
		};
/* End PBXFrameworksBuildPhase section */

/* Begin PBXGroup section */
		683DF6DE1CFC7BC100B8E47C = {
			isa = PBXGroup;
			children = (
				683DF6E91CFC7BC200B8E47C /* SheCan v2 */,
				683DF6E81CFC7BC100B8E47C /* Products */,
			);
			sourceTree = "<group>";
		};
		683DF6E81CFC7BC100B8E47C /* Products */ = {
			isa = PBXGroup;
			children = (
				683DF6E71CFC7BC100B8E47C /* SheCan v2.app */,
			);
			name = Products;
			sourceTree = "<group>";
		};
		683DF6E91CFC7BC200B8E47C /* SheCan v2 */ = {
			isa = PBXGroup;
			children = (
				683DF6EA1CFC7BC200B8E47C /* AppDelegate.swift */,
				683DF6EC1CFC7BC200B8E47C /* ViewController.swift */,
				683DF6EE1CFC7BC200B8E47C /* Main.storyboard */,
				683DF6F11CFC7BC200B8E47C /* Assets.xcassets */,
				683DF6F31CFC7BC200B8E47C /* LaunchScreen.storyboard */,
				683DF6F61CFC7BC200B8E47C /* Info.plist */,
				683DF6FC1CFC86F700B8E47C /* registrationViewController.swift */,
				683DF6FE1CFC871E00B8E47C /* loginViewController.swift */,
			);
			path = "SheCan v2";
			sourceTree = "<group>";
		};
/* End PBXGroup section */

/* Begin PBXNativeTarget section */
		683DF6E61CFC7BC100B8E47C /* SheCan v2 */ = {
			isa = PBXNativeTarget;
			buildConfigurationList = 683DF6F91CFC7BC200B8E47C /* Build configuration list for PBXNativeTarget "SheCan v2" */;
			buildPhases = (
				683DF6E31CFC7BC100B8E47C /* Sources */,
				683DF6E41CFC7BC100B8E47C /* Frameworks */,
				683DF6E51CFC7BC100B8E47C /* Resources */,
			);
			buildRules = (
			);
			dependencies = (
			);
			name = "SheCan v2";
			productName = "SheCan v2";
			productReference = 683DF6E71CFC7BC100B8E47C /* SheCan v2.app */;
			productType = "com.apple.product-type.application";
		};
/* End PBXNativeTarget section */

/* Begin PBXProject section */
		683DF6DF1CFC7BC100B8E47C /* Project object */ = {
			isa = PBXProject;
			attributes = {
				LastUpgradeCheck = 0700;
				ORGANIZATIONNAME = "Wissa Azmy";
				TargetAttributes = {
					683DF6E61CFC7BC100B8E47C = {
						CreatedOnToolsVersion = 7.0.1;
						DevelopmentTeam = 7Q6U3JR8A8;
					};
				};
			};
			buildConfigurationList = 683DF6E21CFC7BC100B8E47C /* Build configuration list for PBXProject "SheCan v2" */;
			compatibilityVersion = "Xcode 3.2";
			developmentRegion = English;
			hasScannedForEncodings = 0;
			knownRegions = (
				en,
				Base,
			);
			mainGroup = 683DF6DE1CFC7BC100B8E47C;
			productRefGroup = 683DF6E81CFC7BC100B8E47C /* Products */;
			projectDirPath = "";
			projectRoot = "";
			targets = (
				683DF6E61CFC7BC100B8E47C /* SheCan v2 */,
			);
		};
/* End PBXProject section */

/* Begin PBXResourcesBuildPhase section */
		683DF6E51CFC7BC100B8E47C /* Resources */ = {
			isa = PBXResourcesBuildPhase;
			buildActionMask = 2147483647;
			files = (
				683DF6F51CFC7BC200B8E47C /* LaunchScreen.storyboard in Resources */,
				683DF6F21CFC7BC200B8E47C /* Assets.xcassets in Resources */,
				683DF6F01CFC7BC200B8E47C /* Main.storyboard in Resources */,
			);
			runOnlyForDeploymentPostprocessing = 0;
		};
/* End PBXResourcesBuildPhase section */

/* Begin PBXSourcesBuildPhase section */
		683DF6E31CFC7BC100B8E47C /* Sources */ = {
			isa = PBXSourcesBuildPhase;
			buildActionMask = 2147483647;
			files = (
				683DF6FF1CFC871E00B8E47C /* loginViewController.swift in Sources */,
				683DF6ED1CFC7BC200B8E47C /* ViewController.swift in Sources */,
				683DF6EB1CFC7BC200B8E47C /* AppDelegate.swift in Sources */,
				683DF6FD1CFC86F700B8E47C /* registrationViewController.swift in Sources */,
			);
			runOnlyForDeploymentPostprocessing = 0;
		};
/* End PBXSourcesBuildPhase section */

/* Begin PBXVariantGroup section */
		683DF6EE1CFC7BC200B8E47C /* Main.storyboard */ = {
			isa = PBXVariantGroup;
			children = (
				683DF6EF1CFC7BC200B8E47C /* Base */,
			);
			name = Main.storyboard;
			sourceTree = "<group>";
		};
		683DF6F31CFC7BC200B8E47C /* LaunchScreen.storyboard */ = {
			isa = PBXVariantGroup;
			children = (
				683DF6F41CFC7BC200B8E47C /* Base */,
			);
			name = LaunchScreen.storyboard;
			sourceTree = "<group>";
		};
/* End PBXVariantGroup section */

/* Begin XCBuildConfiguration section */
		683DF6F71CFC7BC200B8E47C /* Debug */ = {
			isa = XCBuildConfiguration;
			buildSettings = {
				ALWAYS_SEARCH_USER_PATHS = NO;
				CLANG_CXX_LANGUAGE_STANDARD = "gnu++0x";
				CLANG_CXX_LIBRARY = "libc++";
				CLANG_ENABLE_MODULES = YES;
				CLANG_ENABLE_OBJC_ARC = YES;
				CLANG_WARN_BOOL_CONVERSION = YES;
				CLANG_WARN_CONSTANT_CONVERSION = YES;
				CLANG_WARN_DIRECT_OBJC_ISA_USAGE = YES_ERROR;
				CLANG_WARN_EMPTY_BODY = YES;
				CLANG_WARN_ENUM_CONVERSION = YES;
				CLANG_WARN_INT_CONVERSION = YES;
				CLANG_WARN_OBJC_ROOT_CLASS = YES_ERROR;
				CLANG_WARN_UNREACHABLE_CODE = YES;
				CLANG_WARN__DUPLICATE_METHOD_MATCH = YES;
				"CODE_SIGN_IDENTITY[sdk=iphoneos*]" = "iPhone Developer";
				COPY_PHASE_STRIP = NO;
				DEBUG_INFORMATION_FORMAT = dwarf;
				ENABLE_STRICT_OBJC_MSGSEND = YES;
				ENABLE_TESTABILITY = YES;
				GCC_C_LANGUAGE_STANDARD = gnu99;
				GCC_DYNAMIC_NO_PIC = NO;
				GCC_NO_COMMON_BLOCKS = YES;
				GCC_OPTIMIZATION_LEVEL = 0;
				GCC_PREPROCESSOR_DEFINITIONS = (
					"DEBUG=1",
					"$(inherited)",
				);
				GCC_WARN_64_TO_32_BIT_CONVERSION = YES;
				GCC_WARN_ABOUT_RETURN_TYPE = YES_ERROR;
				GCC_WARN_UNDECLARED_SELECTOR = YES;
				GCC_WARN_UNINITIALIZED_AUTOS = YES_AGGRESSIVE;
				GCC_WARN_UNUSED_FUNCTION = YES;
				GCC_WARN_UNUSED_VARIABLE = YES;
				IPHONEOS_DEPLOYMENT_TARGET = 9.0;
				MTL_ENABLE_DEBUG_INFO = YES;
				ONLY_ACTIVE_ARCH = YES;
				SDKROOT = iphoneos;
				SWIFT_OPTIMIZATION_LEVEL = "-Onone";
				TARGETED_DEVICE_FAMILY = "1,2";
			};
			name = Debug;
		};
		683DF6F81CFC7BC200B8E47C /* Release */ = {
			isa = XCBuildConfiguration;
			buildSettings = {
				ALWAYS_SEARCH_USER_PATHS = NO;
				CLANG_CXX_LANGUAGE_STANDARD = "gnu++0x";
				CLANG_CXX_LIBRARY = "libc++";
				CLANG_ENABLE_MODULES = YES;
				CLANG_ENABLE_OBJC_ARC = YES;
				CLANG_WARN_BOOL_CONVERSION = YES;
				CLANG_WARN_CONSTANT_CONVERSION = YES;
				CLANG_WARN_DIRECT_OBJC_ISA_USAGE = YES_ERROR;
				CLANG_WARN_EMPTY_BODY = YES;
				CLANG_WARN_ENUM_CONVERSION = YES;
				CLANG_WARN_INT_CONVERSION = YES;
				CLANG_WARN_OBJC_ROOT_CLASS = YES_ERROR;
				CLANG_WARN_UNREACHABLE_CODE = YES;
				CLANG_WARN__DUPLICATE_METHOD_MATCH = YES;
				"CODE_SIGN_IDENTITY[sdk=iphoneos*]" = "iPhone Developer";
				COPY_PHASE_STRIP = NO;
				DEBUG_INFORMATION_FORMAT = "dwarf-with-dsym";
				ENABLE_NS_ASSERTIONS = NO;
				ENABLE_STRICT_OBJC_MSGSEND = YES;
				GCC_C_LANGUAGE_STANDARD = gnu99;
				GCC_NO_COMMON_BLOCKS = YES;
				GCC_WARN_64_TO_32_BIT_CONVERSION = YES;
				GCC_WARN_ABOUT_RETURN_TYPE = YES_ERROR;
				GCC_WARN_UNDECLARED_SELECTOR = YES;
				GCC_WARN_UNINITIALIZED_AUTOS = YES_AGGRESSIVE;
				GCC_WARN_UNUSED_FUNCTION = YES;
				GCC_WARN_UNUSED_VARIABLE = YES;
				IPHONEOS_DEPLOYMENT_TARGET = 9.0;
				MTL_ENABLE_DEBUG_INFO = NO;
				SDKROOT = iphoneos;
				TARGETED_DEVICE_FAMILY = "1,2";
				VALIDATE_PRODUCT = YES;
			};
			name = Release;
		};
		683DF6FA1CFC7BC200B8E47C /* Debug */ = {
			isa = XCBuildConfiguration;
			buildSettings = {
				ASSETCATALOG_COMPILER_APPICON_NAME = AppIcon;
				INFOPLIST_FILE = "SheCan v2/Info.plist";
				LD_RUNPATH_SEARCH_PATHS = "$(inherited) @executable_path/Frameworks";
				PRODUCT_BUNDLE_IDENTIFIER = "BusinessMonk.SheCan-v2";
				PRODUCT_NAME = "$(TARGET_NAME)";
			};
			name = Debug;
		};
		683DF6FB1CFC7BC200B8E47C /* Release */ = {
			isa = XCBuildConfiguration;
			buildSettings = {
				ASSETCATALOG_COMPILER_APPICON_NAME = AppIcon;
				INFOPLIST_FILE = "SheCan v2/Info.plist";
				LD_RUNPATH_SEARCH_PATHS = "$(inherited) @executable_path/Frameworks";
				PRODUCT_BUNDLE_IDENTIFIER = "BusinessMonk.SheCan-v2";
				PRODUCT_NAME = "$(TARGET_NAME)";
			};
			name = Release;
		};
/* End XCBuildConfiguration section */

/* Begin XCConfigurationList section */
		683DF6E21CFC7BC100B8E47C /* Build configuration list for PBXProject "SheCan v2" */ = {
			isa = XCConfigurationList;
			buildConfigurations = (
				683DF6F71CFC7BC200B8E47C /* Debug */,
				683DF6F81CFC7BC200B8E47C /* Release */,
			);
			defaultConfigurationIsVisible = 0;
			defaultConfigurationName = Release;
		};
		683DF6F91CFC7BC200B8E47C /* Build configuration list for PBXNativeTarget "SheCan v2" */ = {
			isa = XCConfigurationList;
			buildConfigurations = (
				683DF6FA1CFC7BC200B8E47C /* Debug */,
				683DF6FB1CFC7BC200B8E47C /* Release */,
			);
			defaultConfigurationIsVisible = 0;
		};
/* End XCConfigurationList section */
	};
	rootObject = 683DF6DF1CFC7BC100B8E47C /* Project object */;
}
